# This file is automatically @generated by Cargo.
# It is not intended for manual editing.
version = 4

[[package]]
name = "ad-secdesc"
version = "0.1.0"

[[package]]
name = "ad-tombstone"
version = "0.1.0"

[[package]]
name = "bloodhound-opengraph"
version = "0.1.0"

[[package]]
name = "ghosthound"
version = "0.1.0"
